dependencies:
- name: opensearch
  repository: https://opensearch-project.github.io/helm-charts/
  version: 2.13.1
- name: dex
  repository: https://charts.dexidp.io/
  version: 0.14.2
- name: minio
  repository: https://charts.min.io/
  version: 5.0.11
- name: rabbitmq
  repository: https://charts.bitnami.com/bitnami/
  version: 12.0.10
- name: mysql
  repository: https://charts.bitnami.com/bitnami/
  version: 9.11.0
- name: cert-manager
  repository: https://charts.jetstack.io
  version: v1.13.1
- name: cert-manager-issuer
  repository: ""
  version: '*.*.*'
- name: opentelemetry-collector
  repository: https://open-telemetry.github.io/opentelemetry-helm-charts
  version: 0.68.0
- name: jaeger
  repository: https://jaegertracing.github.io/helm-charts
  version: 0.71.14
digest: sha256:5ba23c7da04668a0ecb5ea4822c125cb7b3605b4308d10a1cb813cbe2908fd2a
generated: "2023-09-20T15:50:26.550254029+02:00"
