dependencies:
- name: opensearch
  repository: https://opensearch-project.github.io/helm-charts/
  version: 2.13.1
- name: dex
  repository: https://charts.dexidp.io/
  version: 0.14.2
- name: minio
  repository: https://charts.min.io/
  version: 5.0.11
- name: rabbitmq
  repository: https://charts.bitnami.com/bitnami/
  version: 12.0.10
- name: mysql
  repository: https://charts.bitnami.com/bitnami/
  version: 9.11.0
- name: cert-manager
  repository: https://charts.jetstack.io
  version: v1.13.1
- name: cert-manager-issuer
  repository: ""
  version: '*.*.*'
digest: sha256:8edaf32185389bd3fd8a87370a82718bc94dfacf6acf1d7cc9f8e8742d58695a
generated: "2023-10-06T18:09:31.379575+02:00"
